// !$*UTF8*$!
{
	archiveVersion = 1;
	classes = {
	};
	objectVersion = 56;
	objects = {

/* Begin PBXBuildFile section */
		F78C96262C727E8800C99400 /* MovieQuizViewController.swift in Sources */ = {isa = PBXBuildFile; fileRef = F78C96252C727E8800C99400 /* MovieQuizViewController.swift */; };
		F78C96282C727EC500C99400 /* UIColor+Extensions.swift in Sources */ = {isa = PBXBuildFile; fileRef = F78C96272C727EC500C99400 /* UIColor+Extensions.swift */; };
		F78C962A2C727EDF00C99400 /* Array+Extensions.swift in Sources */ = {isa = PBXBuildFile; fileRef = F78C96292C727EDF00C99400 /* Array+Extensions.swift */; };
		F78C962C2C727EF500C99400 /* Date+Extensions.swift in Sources */ = {isa = PBXBuildFile; fileRef = F78C962B2C727EF500C99400 /* Date+Extensions.swift */; };
		F79B0D012C87C5B800A34093 /* YS Display-Bold.ttf in Resources */ = {isa = PBXBuildFile; fileRef = F79B0CFF2C87C5B800A34093 /* YS Display-Bold.ttf */; };
		F79B0D022C87C5B800A34093 /* YS Display-Medium.ttf in Resources */ = {isa = PBXBuildFile; fileRef = F79B0D002C87C5B800A34093 /* YS Display-Medium.ttf */; };
		F7AF2C762C5963E4003831AC /* AppDelegate.swift in Sources */ = {isa = PBXBuildFile; fileRef = F7AF2C752C5963E4003831AC /* AppDelegate.swift */; };
		F7AF2C782C5963E4003831AC /* SceneDelegate.swift in Sources */ = {isa = PBXBuildFile; fileRef = F7AF2C772C5963E4003831AC /* SceneDelegate.swift */; };
		F7AF2C7D2C5963E4003831AC /* Main.storyboard in Resources */ = {isa = PBXBuildFile; fileRef = F7AF2C7B2C5963E4003831AC /* Main.storyboard */; };
		F7AF2C7F2C5963E8003831AC /* Assets.xcassets in Resources */ = {isa = PBXBuildFile; fileRef = F7AF2C7E2C5963E8003831AC /* Assets.xcassets */; };
		F7AF2C822C5963E8003831AC /* LaunchScreen.storyboard in Resources */ = {isa = PBXBuildFile; fileRef = F7AF2C802C5963E8003831AC /* LaunchScreen.storyboard */; };
/* End PBXBuildFile section */

/* Begin PBXFileReference section */
		F78C96252C727E8800C99400 /* MovieQuizViewController.swift */ = {isa = PBXFileReference; lastKnownFileType = sourcecode.swift; path = MovieQuizViewController.swift; sourceTree = "<group>"; };
		F78C96272C727EC500C99400 /* UIColor+Extensions.swift */ = {isa = PBXFileReference; lastKnownFileType = sourcecode.swift; path = "UIColor+Extensions.swift"; sourceTree = "<group>"; };
		F78C96292C727EDF00C99400 /* Array+Extensions.swift */ = {isa = PBXFileReference; lastKnownFileType = sourcecode.swift; path = "Array+Extensions.swift"; sourceTree = "<group>"; };
		F78C962B2C727EF500C99400 /* Date+Extensions.swift */ = {isa = PBXFileReference; lastKnownFileType = sourcecode.swift; path = "Date+Extensions.swift"; sourceTree = "<group>"; };
		F79B0CFF2C87C5B800A34093 /* YS Display-Bold.ttf */ = {isa = PBXFileReference; lastKnownFileType = file; path = "YS Display-Bold.ttf"; sourceTree = "<group>"; };
		F79B0D002C87C5B800A34093 /* YS Display-Medium.ttf */ = {isa = PBXFileReference; lastKnownFileType = file; path = "YS Display-Medium.ttf"; sourceTree = "<group>"; };
		F7AF2C722C5963E4003831AC /* Movie quiz.app */ = {isa = PBXFileReference; explicitFileType = wrapper.application; includeInIndex = 0; path = "Movie quiz.app"; sourceTree = BUILT_PRODUCTS_DIR; };
		F7AF2C752C5963E4003831AC /* AppDelegate.swift */ = {isa = PBXFileReference; lastKnownFileType = sourcecode.swift; path = AppDelegate.swift; sourceTree = "<group>"; };
		F7AF2C772C5963E4003831AC /* SceneDelegate.swift */ = {isa = PBXFileReference; lastKnownFileType = sourcecode.swift; path = SceneDelegate.swift; sourceTree = "<group>"; };
		F7AF2C7C2C5963E4003831AC /* Base */ = {isa = PBXFileReference; lastKnownFileType = file.storyboard; name = Base; path = Base.lproj/Main.storyboard; sourceTree = "<group>"; };
		F7AF2C7E2C5963E8003831AC /* Assets.xcassets */ = {isa = PBXFileReference; lastKnownFileType = folder.assetcatalog; path = Assets.xcassets; sourceTree = "<group>"; };
		F7AF2C812C5963E8003831AC /* Base */ = {isa = PBXFileReference; lastKnownFileType = file.storyboard; name = Base; path = Base.lproj/LaunchScreen.storyboard; sourceTree = "<group>"; };
		F7AF2C832C5963E8003831AC /* Info.plist */ = {isa = PBXFileReference; lastKnownFileType = text.plist.xml; path = Info.plist; sourceTree = "<group>"; };
/* End PBXFileReference section */

/* Begin PBXFrameworksBuildPhase section */
		F7AF2C6F2C5963E4003831AC /* Frameworks */ = {
			isa = PBXFrameworksBuildPhase;
			buildActionMask = 2147483647;
			files = (
			);
			runOnlyForDeploymentPostprocessing = 0;
		};
/* End PBXFrameworksBuildPhase section */

/* Begin PBXGroup section */
		F78C96202C727DFE00C99400 /* Helpers */ = {
			isa = PBXGroup;
			children = (
				F78C96272C727EC500C99400 /* UIColor+Extensions.swift */,
				F78C96292C727EDF00C99400 /* Array+Extensions.swift */,
				F78C962B2C727EF500C99400 /* Date+Extensions.swift */,
			);
			path = Helpers;
			sourceTree = "<group>";
		};
		F78C96212C727E0C00C99400 /* Models */ = {
			isa = PBXGroup;
			children = (
			);
			path = Models;
			sourceTree = "<group>";
		};
		F78C96222C727E1600C99400 /* Resources */ = {
			isa = PBXGroup;
			children = (
				F79B0CFF2C87C5B800A34093 /* YS Display-Bold.ttf */,
				F79B0D002C87C5B800A34093 /* YS Display-Medium.ttf */,
				F7AF2C802C5963E8003831AC /* LaunchScreen.storyboard */,
				F7AF2C7E2C5963E8003831AC /* Assets.xcassets */,
				F7AF2C832C5963E8003831AC /* Info.plist */,
			);
			path = Resources;
			sourceTree = "<group>";
		};
		F78C96232C727E2400C99400 /* Services */ = {
			isa = PBXGroup;
			children = (
			);
			path = Services;
			sourceTree = "<group>";
		};
		F78C96242C727E4800C99400 /* Presentation */ = {
			isa = PBXGroup;
			children = (
				F7AF2C7B2C5963E4003831AC /* Main.storyboard */,
				F78C96252C727E8800C99400 /* MovieQuizViewController.swift */,
			);
			path = Presentation;
			sourceTree = "<group>";
		};
		F7AF2C692C5963E4003831AC = {
			isa = PBXGroup;
			children = (
				F7AF2C742C5963E4003831AC /* Movie quiz */,
				F7AF2C732C5963E4003831AC /* Products */,
			);
			sourceTree = "<group>";
		};
		F7AF2C732C5963E4003831AC /* Products */ = {
			isa = PBXGroup;
			children = (
				F7AF2C722C5963E4003831AC /* Movie quiz.app */,
			);
			name = Products;
			sourceTree = "<group>";
		};
		F7AF2C742C5963E4003831AC /* Movie quiz */ = {
			isa = PBXGroup;
			children = (
				F7AF2C752C5963E4003831AC /* AppDelegate.swift */,
				F7AF2C772C5963E4003831AC /* SceneDelegate.swift */,
				F78C96202C727DFE00C99400 /* Helpers */,
				F78C96212C727E0C00C99400 /* Models */,
				F78C96242C727E4800C99400 /* Presentation */,
				F78C96232C727E2400C99400 /* Services */,
				F78C96222C727E1600C99400 /* Resources */,
			);
			path = "Movie quiz";
			sourceTree = "<group>";
		};
/* End PBXGroup section */

/* Begin PBXNativeTarget section */
		F7AF2C712C5963E4003831AC /* Movie quiz */ = {
			isa = PBXNativeTarget;
			buildConfigurationList = F7AF2C862C5963E8003831AC /* Build configuration list for PBXNativeTarget "Movie quiz" */;
			buildPhases = (
				F7AF2C6E2C5963E4003831AC /* Sources */,
				F7AF2C6F2C5963E4003831AC /* Frameworks */,
				F7AF2C702C5963E4003831AC /* Resources */,
			);
			buildRules = (
			);
			dependencies = (
			);
			name = "Movie quiz";
			productName = "Movie quiz";
			productReference = F7AF2C722C5963E4003831AC /* Movie quiz.app */;
			productType = "com.apple.product-type.application";
		};
/* End PBXNativeTarget section */

/* Begin PBXProject section */
		F7AF2C6A2C5963E4003831AC /* Project object */ = {
			isa = PBXProject;
			attributes = {
				BuildIndependentTargetsInParallel = 1;
				LastSwiftUpdateCheck = 1430;
				LastUpgradeCheck = 1430;
				TargetAttributes = {
					F7AF2C712C5963E4003831AC = {
						CreatedOnToolsVersion = 14.3.1;
					};
				};
			};
			buildConfigurationList = F7AF2C6D2C5963E4003831AC /* Build configuration list for PBXProject "Movie quiz" */;
			compatibilityVersion = "Xcode 14.0";
			developmentRegion = en;
			hasScannedForEncodings = 0;
			knownRegions = (
				en,
				Base,
			);
			mainGroup = F7AF2C692C5963E4003831AC;
			productRefGroup = F7AF2C732C5963E4003831AC /* Products */;
			projectDirPath = "";
			projectRoot = "";
			targets = (
				F7AF2C712C5963E4003831AC /* Movie quiz */,
			);
		};
/* End PBXProject section */

/* Begin PBXResourcesBuildPhase section */
		F7AF2C702C5963E4003831AC /* Resources */ = {
			isa = PBXResourcesBuildPhase;
			buildActionMask = 2147483647;
			files = (
				F7AF2C822C5963E8003831AC /* LaunchScreen.storyboard in Resources */,
				F7AF2C7F2C5963E8003831AC /* Assets.xcassets in Resources */,
				F7AF2C7D2C5963E4003831AC /* Main.storyboard in Resources */,
				F79B0D012C87C5B800A34093 /* YS Display-Bold.ttf in Resources */,
				F79B0D022C87C5B800A34093 /* YS Display-Medium.ttf in Resources */,
			);
			runOnlyForDeploymentPostprocessing = 0;
		};
/* End PBXResourcesBuildPhase section */

/* Begin PBXSourcesBuildPhase section */
		F7AF2C6E2C5963E4003831AC /* Sources */ = {
			isa = PBXSourcesBuildPhase;
			buildActionMask = 2147483647;
			files = (
				F78C96262C727E8800C99400 /* MovieQuizViewController.swift in Sources */,
				F78C962A2C727EDF00C99400 /* Array+Extensions.swift in Sources */,
				F7AF2C762C5963E4003831AC /* AppDelegate.swift in Sources */,
				F7AF2C782C5963E4003831AC /* SceneDelegate.swift in Sources */,
				F78C96282C727EC500C99400 /* UIColor+Extensions.swift in Sources */,
				F78C962C2C727EF500C99400 /* Date+Extensions.swift in Sources */,
			);
			runOnlyForDeploymentPostprocessing = 0;
		};
/* End PBXSourcesBuildPhase section */

/* Begin PBXVariantGroup section */
		F7AF2C7B2C5963E4003831AC /* Main.storyboard */ = {
			isa = PBXVariantGroup;
			children = (
				F7AF2C7C2C5963E4003831AC /* Base */,
			);
			name = Main.storyboard;
			sourceTree = "<group>";
		};
		F7AF2C802C5963E8003831AC /* LaunchScreen.storyboard */ = {
			isa = PBXVariantGroup;
			children = (
				F7AF2C812C5963E8003831AC /* Base */,
			);
			name = LaunchScreen.storyboard;
			sourceTree = "<group>";
		};
/* End PBXVariantGroup section */

/* Begin XCBuildConfiguration section */
		F7AF2C842C5963E8003831AC /* Debug */ = {
			isa = XCBuildConfiguration;
			buildSettings = {
				ALWAYS_SEARCH_USER_PATHS = NO;
				CLANG_ANALYZER_NONNULL = YES;
				CLANG_ANALYZER_NUMBER_OBJECT_CONVERSION = YES_AGGRESSIVE;
				CLANG_CXX_LANGUAGE_STANDARD = "gnu++20";
				CLANG_ENABLE_MODULES = YES;
				CLANG_ENABLE_OBJC_ARC = YES;
				CLANG_ENABLE_OBJC_WEAK = YES;
				CLANG_WARN_BLOCK_CAPTURE_AUTORELEASING = YES;
				CLANG_WARN_BOOL_CONVERSION = YES;
				CLANG_WARN_COMMA = YES;
				CLANG_WARN_CONSTANT_CONVERSION = YES;
				CLANG_WARN_DEPRECATED_OBJC_IMPLEMENTATIONS = YES;
				CLANG_WARN_DIRECT_OBJC_ISA_USAGE = YES_ERROR;
				CLANG_WARN_DOCUMENTATION_COMMENTS = YES;
				CLANG_WARN_EMPTY_BODY = YES;
				CLANG_WARN_ENUM_CONVERSION = YES;
				CLANG_WARN_INFINITE_RECURSION = YES;
				CLANG_WARN_INT_CONVERSION = YES;
				CLANG_WARN_NON_LITERAL_NULL_CONVERSION = YES;
				CLANG_WARN_OBJC_IMPLICIT_RETAIN_SELF = YES;
				CLANG_WARN_OBJC_LITERAL_CONVERSION = YES;
				CLANG_WARN_OBJC_ROOT_CLASS = YES_ERROR;
				CLANG_WARN_QUOTED_INCLUDE_IN_FRAMEWORK_HEADER = YES;
				CLANG_WARN_RANGE_LOOP_ANALYSIS = YES;
				CLANG_WARN_STRICT_PROTOTYPES = YES;
				CLANG_WARN_SUSPICIOUS_MOVE = YES;
				CLANG_WARN_UNGUARDED_AVAILABILITY = YES_AGGRESSIVE;
				CLANG_WARN_UNREACHABLE_CODE = YES;
				CLANG_WARN__DUPLICATE_METHOD_MATCH = YES;
				COPY_PHASE_STRIP = NO;
				DEBUG_INFORMATION_FORMAT = dwarf;
				ENABLE_STRICT_OBJC_MSGSEND = YES;
				ENABLE_TESTABILITY = YES;
				GCC_C_LANGUAGE_STANDARD = gnu11;
				GCC_DYNAMIC_NO_PIC = NO;
				GCC_NO_COMMON_BLOCKS = YES;
				GCC_OPTIMIZATION_LEVEL = 0;
				GCC_PREPROCESSOR_DEFINITIONS = (
					"DEBUG=1",
					"$(inherited)",
				);
				GCC_WARN_64_TO_32_BIT_CONVERSION = YES;
				GCC_WARN_ABOUT_RETURN_TYPE = YES_ERROR;
				GCC_WARN_UNDECLARED_SELECTOR = YES;
				GCC_WARN_UNINITIALIZED_AUTOS = YES_AGGRESSIVE;
				GCC_WARN_UNUSED_FUNCTION = YES;
				GCC_WARN_UNUSED_VARIABLE = YES;
				INFOPLIST_FILE = "";
				IPHONEOS_DEPLOYMENT_TARGET = 15.0;
				MTL_ENABLE_DEBUG_INFO = INCLUDE_SOURCE;
				MTL_FAST_MATH = YES;
				ONLY_ACTIVE_ARCH = YES;
				SDKROOT = iphoneos;
				SWIFT_ACTIVE_COMPILATION_CONDITIONS = DEBUG;
				SWIFT_OPTIMIZATION_LEVEL = "-Onone";
			};
			name = Debug;
		};
		F7AF2C852C5963E8003831AC /* Release */ = {
			isa = XCBuildConfiguration;
			buildSettings = {
				ALWAYS_SEARCH_USER_PATHS = NO;
				CLANG_ANALYZER_NONNULL = YES;
				CLANG_ANALYZER_NUMBER_OBJECT_CONVERSION = YES_AGGRESSIVE;
				CLANG_CXX_LANGUAGE_STANDARD = "gnu++20";
				CLANG_ENABLE_MODULES = YES;
				CLANG_ENABLE_OBJC_ARC = YES;
				CLANG_ENABLE_OBJC_WEAK = YES;
				CLANG_WARN_BLOCK_CAPTURE_AUTORELEASING = YES;
				CLANG_WARN_BOOL_CONVERSION = YES;
				CLANG_WARN_COMMA = YES;
				CLANG_WARN_CONSTANT_CONVERSION = YES;
				CLANG_WARN_DEPRECATED_OBJC_IMPLEMENTATIONS = YES;
				CLANG_WARN_DIRECT_OBJC_ISA_USAGE = YES_ERROR;
				CLANG_WARN_DOCUMENTATION_COMMENTS = YES;
				CLANG_WARN_EMPTY_BODY = YES;
				CLANG_WARN_ENUM_CONVERSION = YES;
				CLANG_WARN_INFINITE_RECURSION = YES;
				CLANG_WARN_INT_CONVERSION = YES;
				CLANG_WARN_NON_LITERAL_NULL_CONVERSION = YES;
				CLANG_WARN_OBJC_IMPLICIT_RETAIN_SELF = YES;
				CLANG_WARN_OBJC_LITERAL_CONVERSION = YES;
				CLANG_WARN_OBJC_ROOT_CLASS = YES_ERROR;
				CLANG_WARN_QUOTED_INCLUDE_IN_FRAMEWORK_HEADER = YES;
				CLANG_WARN_RANGE_LOOP_ANALYSIS = YES;
				CLANG_WARN_STRICT_PROTOTYPES = YES;
				CLANG_WARN_SUSPICIOUS_MOVE = YES;
				CLANG_WARN_UNGUARDED_AVAILABILITY = YES_AGGRESSIVE;
				CLANG_WARN_UNREACHABLE_CODE = YES;
				CLANG_WARN__DUPLICATE_METHOD_MATCH = YES;
				COPY_PHASE_STRIP = NO;
				DEBUG_INFORMATION_FORMAT = "dwarf-with-dsym";
				ENABLE_NS_ASSERTIONS = NO;
				ENABLE_STRICT_OBJC_MSGSEND = YES;
				GCC_C_LANGUAGE_STANDARD = gnu11;
				GCC_NO_COMMON_BLOCKS = YES;
				GCC_WARN_64_TO_32_BIT_CONVERSION = YES;
				GCC_WARN_ABOUT_RETURN_TYPE = YES_ERROR;
				GCC_WARN_UNDECLARED_SELECTOR = YES;
				GCC_WARN_UNINITIALIZED_AUTOS = YES_AGGRESSIVE;
				GCC_WARN_UNUSED_FUNCTION = YES;
				GCC_WARN_UNUSED_VARIABLE = YES;
				INFOPLIST_FILE = "";
				IPHONEOS_DEPLOYMENT_TARGET = 15.0;
				MTL_ENABLE_DEBUG_INFO = NO;
				MTL_FAST_MATH = YES;
				SDKROOT = iphoneos;
				SWIFT_COMPILATION_MODE = wholemodule;
				SWIFT_OPTIMIZATION_LEVEL = "-O";
				VALIDATE_PRODUCT = YES;
			};
			name = Release;
		};
		F7AF2C872C5963E8003831AC /* Debug */ = {
			isa = XCBuildConfiguration;
			buildSettings = {
				ASSETCATALOG_COMPILER_APPICON_NAME = AppIcon;
				ASSETCATALOG_COMPILER_GLOBAL_ACCENT_COLOR_NAME = AccentColor;
				CODE_SIGN_STYLE = Automatic;
				CURRENT_PROJECT_VERSION = 1;
				DEVELOPMENT_TEAM = 4U62Q8ST39;
				GENERATE_INFOPLIST_FILE = YES;
				INFOPLIST_FILE = "Movie quiz/Resources/Info.plist";
				INFOPLIST_KEY_UIApplicationSupportsIndirectInputEvents = YES;
				INFOPLIST_KEY_UILaunchStoryboardName = LaunchScreen;
				INFOPLIST_KEY_UIMainStoryboardFile = Main;
				INFOPLIST_KEY_UISupportedInterfaceOrientations = UIInterfaceOrientationPortrait;
				INFOPLIST_KEY_UISupportedInterfaceOrientations_iPad = "UIInterfaceOrientationLandscapeLeft UIInterfaceOrientationLandscapeRight UIInterfaceOrientationPortrait UIInterfaceOrientationPortraitUpsideDown";
				IPHONEOS_DEPLOYMENT_TARGET = 15.0;
				LD_RUNPATH_SEARCH_PATHS = (
					"$(inherited)",
					"@executable_path/Frameworks",
				);
				MARKETING_VERSION = 1.0;
				PRODUCT_BUNDLE_IDENTIFIER = "ru.swiftappsme.Movie-quiz";
				PRODUCT_NAME = "$(TARGET_NAME)";
				SUPPORTED_PLATFORMS = "iphoneos iphonesimulator";
				SUPPORTS_MACCATALYST = NO;
				SWIFT_EMIT_LOC_STRINGS = YES;
				SWIFT_VERSION = 5.0;
				TARGETED_DEVICE_FAMILY = 1;
			};
			name = Debug;
		};
		F7AF2C882C5963E8003831AC /* Release */ = {
			isa = XCBuildConfiguration;
			buildSettings = {
				ASSETCATALOG_COMPILER_APPICON_NAME = AppIcon;
				ASSETCATALOG_COMPILER_GLOBAL_ACCENT_COLOR_NAME = AccentColor;
				CODE_SIGN_STYLE = Automatic;
				CURRENT_PROJECT_VERSION = 1;
				DEVELOPMENT_TEAM = 4U62Q8ST39;
				GENERATE_INFOPLIST_FILE = YES;
				INFOPLIST_FILE = "Movie quiz/Resources/Info.plist";
				INFOPLIST_KEY_UIApplicationSupportsIndirectInputEvents = YES;
				INFOPLIST_KEY_UILaunchStoryboardName = LaunchScreen;
				INFOPLIST_KEY_UIMainStoryboardFile = Main;
				INFOPLIST_KEY_UISupportedInterfaceOrientations = UIInterfaceOrientationPortrait;
				INFOPLIST_KEY_UISupportedInterfaceOrientations_iPad = "UIInterfaceOrientationLandscapeLeft UIInterfaceOrientationLandscapeRight UIInterfaceOrientationPortrait UIInterfaceOrientationPortraitUpsideDown";
				IPHONEOS_DEPLOYMENT_TARGET = 15.0;
				LD_RUNPATH_SEARCH_PATHS = (
					"$(inherited)",
					"@executable_path/Frameworks",
				);
				MARKETING_VERSION = 1.0;
				PRODUCT_BUNDLE_IDENTIFIER = "ru.swiftappsme.Movie-quiz";
				PRODUCT_NAME = "$(TARGET_NAME)";
				SUPPORTED_PLATFORMS = "iphoneos iphonesimulator";
				SUPPORTS_MACCATALYST = NO;
				SWIFT_EMIT_LOC_STRINGS = YES;
				SWIFT_VERSION = 5.0;
				TARGETED_DEVICE_FAMILY = 1;
			};
			name = Release;
		};
/* End XCBuildConfiguration section */

/* Begin XCConfigurationList section */
		F7AF2C6D2C5963E4003831AC /* Build configuration list for PBXProject "Movie quiz" */ = {
			isa = XCConfigurationList;
			buildConfigurations = (
				F7AF2C842C5963E8003831AC /* Debug */,
				F7AF2C852C5963E8003831AC /* Release */,
			);
			defaultConfigurationIsVisible = 0;
			defaultConfigurationName = Release;
		};
		F7AF2C862C5963E8003831AC /* Build configuration list for PBXNativeTarget "Movie quiz" */ = {
			isa = XCConfigurationList;
			buildConfigurations = (
				F7AF2C872C5963E8003831AC /* Debug */,
				F7AF2C882C5963E8003831AC /* Release */,
			);
			defaultConfigurationIsVisible = 0;
			defaultConfigurationName = Release;
		};
/* End XCConfigurationList section */
	};
	rootObject = F7AF2C6A2C5963E4003831AC /* Project object */;
}
